{
  "name": "junk-one-thousand",
  "version": "1.0.0",
  "lockfileVersion": 1,
  "requires": true,
  "dependencies": {
    "junk-three-thousand": {
      "version": "1.0.1",
      "resolved": "https://registry.npmjs.org/junk-three-thousand/-/junk-three-thousand-1.0.1.tgz",
      "integrity": "sha512-0wh7yfQGI8ajTO23+fwAnJZB6Ogiuijqy6EvjNG5TUHtCls9dMOaIg/5OsZrSA99M9vfyTRj9Z6oMbrxtQgUqw=="
    },
    "junk-two-thousand": {
      "version": "1.0.3",
      "resolved": "https://registry.npmjs.org/junk-two-thousand/-/junk-two-thousand-1.0.3.tgz",
      "integrity": "sha512-im+ZkAUtMslmVpnZGQEQmg0nOLXM28MGDN/eJRgxt1df3ua1qUQTzzJ8iDJrORScEJVW3rao4daaujw2VFL55A==",
      "requires": {
        "junk-three-thousand": "^1.0.0"
      }
    }
  }
}
