{
  "name": "junk-one-thousand",
  "version": "1.0.0",
  "lockfileVersion": 1,
  "requires": true,
  "dependencies": {
    "junk-two-thousand": {
      "version": "1.0.1",
      "resolved": "https://registry.npmjs.org/junk-two-thousand/-/junk-two-thousand-1.0.1.tgz",
      "integrity": "sha512-eHgiOKFb2yHV/RD+8U5W2qXaHbj67MOMvE+B06lpey9Tku4kb/vKgHAxAAAx63udBLFNTwt5EhCpapU3MU71dA=="
    }
  }
}
